{
  "name": "layout-projection",
  "version": "0.0.0",
  "lockfileVersion": 2,
  "requires": true,
  "packages": {
    "": {
      "name": "layout-projection",
      "version": "0.0.0",
      "license": "Apache-2.0",
      "workspaces": [
        "packages/*"
      ],
      "devDependencies": {
        "typescript": "^5.0.2"
      }
    },
    "node_modules/@layout-projection/core": {
      "resolved": "packages/core",
      "link": true
    },
    "node_modules/framesync": {
      "version": "6.1.2",
      "resolved": "https://registry.npmjs.org/framesync/-/framesync-6.1.2.tgz",
      "integrity": "sha512-jBTqhX6KaQVDyus8muwZbBeGGP0XgujBRbQ7gM7BRdS3CadCZIHiawyzYLnafYcvZIh5j8WE7cxZKFn7dXhu9g==",
      "dependencies": {
        "tslib": "2.4.0"
      }
    },
    "node_modules/hey-listen": {
      "version": "1.0.8",
      "resolved": "https://registry.npmjs.org/hey-listen/-/hey-listen-1.0.8.tgz",
      "integrity": "sha512-COpmrF2NOg4TBWUJ5UVyaCU2A88wEMkUPK4hNqyCkqHbxT92BbvfjoSozkAIIm6XhicGlJHhFdullInrdhwU8Q=="
    },
    "node_modules/popmotion": {
      "version": "11.0.5",
      "resolved": "https://registry.npmjs.org/popmotion/-/popmotion-11.0.5.tgz",
      "integrity": "sha512-la8gPM1WYeFznb/JqF4GiTkRRPZsfaj2+kCxqQgr2MJylMmIKUwBfWW8Wa5fml/8gmtlD5yI01MP1QCZPWmppA==",
      "dependencies": {
        "framesync": "6.1.2",
        "hey-listen": "^1.0.8",
        "style-value-types": "5.1.2",
        "tslib": "2.4.0"
      }
    },
    "node_modules/style-value-types": {
      "version": "5.1.2",
      "resolved": "https://registry.npmjs.org/style-value-types/-/style-value-types-5.1.2.tgz",
      "integrity": "sha512-Vs9fNreYF9j6W2VvuDTP7kepALi7sk0xtk2Tu8Yxi9UoajJdEVpNpCov0HsLTqXvNGKX+Uv09pkozVITi1jf3Q==",
      "dependencies": {
        "hey-listen": "^1.0.8",
        "tslib": "2.4.0"
      }
    },
    "node_modules/tslib": {
      "version": "2.4.0",
      "resolved": "https://registry.npmjs.org/tslib/-/tslib-2.4.0.tgz",
      "integrity": "sha512-d6xOpEDfsi2CZVlPQzGeux8XMwLT9hssAsaPYExaQMuYskwb+x1x7J371tWlbBdWHroy99KnVB6qIkUbs5X3UQ=="
    },
    "node_modules/typescript": {
      "version": "5.0.2",
      "resolved": "https://registry.npmjs.org/typescript/-/typescript-5.0.2.tgz",
      "integrity": "sha512-wVORMBGO/FAs/++blGNeAVdbNKtIh1rbBL2EyQ1+J9lClJ93KiiKe8PmFIVdXhHcyv44SL9oglmfeSsndo0jRw==",
      "dev": true,
      "bin": {
        "tsc": "bin/tsc",
        "tsserver": "bin/tsserver"
      },
      "engines": {
        "node": ">=12.20"
      }
    },
    "packages/core": {
      "name": "@layout-projection/core",
      "version": "0.0.0",
      "license": "Apache-2.0",
      "dependencies": {
        "popmotion": "^11.0.5",
        "style-value-types": "^5.1.2",
        "tslib": "^2.5.0"
      }
    },
    "packages/core/node_modules/tslib": {
      "version": "2.5.0",
      "resolved": "https://registry.npmjs.org/tslib/-/tslib-2.5.0.tgz",
      "integrity": "sha512-336iVw3rtn2BUK7ORdIAHTyxHGRIHVReokCR3XjbckJMK7ms8FysBfhLR8IXnAgy7T0PTPNBWKiH514FOW/WSg=="
    }
  },
  "dependencies": {
    "@layout-projection/core": {
      "version": "file:packages/core",
      "requires": {
        "popmotion": "^11.0.5",
        "style-value-types": "^5.1.2",
        "tslib": "*"
      },
      "dependencies": {
        "tslib": {
          "version": "2.5.0",
          "resolved": "https://registry.npmjs.org/tslib/-/tslib-2.5.0.tgz",
          "integrity": "sha512-336iVw3rtn2BUK7ORdIAHTyxHGRIHVReokCR3XjbckJMK7ms8FysBfhLR8IXnAgy7T0PTPNBWKiH514FOW/WSg=="
        }
      }
    },
    "framesync": {
      "version": "6.1.2",
      "resolved": "https://registry.npmjs.org/framesync/-/framesync-6.1.2.tgz",
      "integrity": "sha512-jBTqhX6KaQVDyus8muwZbBeGGP0XgujBRbQ7gM7BRdS3CadCZIHiawyzYLnafYcvZIh5j8WE7cxZKFn7dXhu9g==",
      "requires": {
        "tslib": "2.4.0"
      }
    },
    "hey-listen": {
      "version": "1.0.8",
      "resolved": "https://registry.npmjs.org/hey-listen/-/hey-listen-1.0.8.tgz",
      "integrity": "sha512-COpmrF2NOg4TBWUJ5UVyaCU2A88wEMkUPK4hNqyCkqHbxT92BbvfjoSozkAIIm6XhicGlJHhFdullInrdhwU8Q=="
    },
    "popmotion": {
      "version": "11.0.5",
      "resolved": "https://registry.npmjs.org/popmotion/-/popmotion-11.0.5.tgz",
      "integrity": "sha512-la8gPM1WYeFznb/JqF4GiTkRRPZsfaj2+kCxqQgr2MJylMmIKUwBfWW8Wa5fml/8gmtlD5yI01MP1QCZPWmppA==",
      "requires": {
        "framesync": "6.1.2",
        "hey-listen": "^1.0.8",
        "style-value-types": "5.1.2",
        "tslib": "2.4.0"
      }
    },
    "style-value-types": {
      "version": "5.1.2",
      "resolved": "https://registry.npmjs.org/style-value-types/-/style-value-types-5.1.2.tgz",
      "integrity": "sha512-Vs9fNreYF9j6W2VvuDTP7kepALi7sk0xtk2Tu8Yxi9UoajJdEVpNpCov0HsLTqXvNGKX+Uv09pkozVITi1jf3Q==",
      "requires": {
        "hey-listen": "^1.0.8",
        "tslib": "2.4.0"
      }
    },
    "tslib": {
      "version": "2.4.0",
      "resolved": "https://registry.npmjs.org/tslib/-/tslib-2.4.0.tgz",
      "integrity": "sha512-d6xOpEDfsi2CZVlPQzGeux8XMwLT9hssAsaPYExaQMuYskwb+x1x7J371tWlbBdWHroy99KnVB6qIkUbs5X3UQ=="
    },
    "typescript": {
      "version": "5.0.2",
      "resolved": "https://registry.npmjs.org/typescript/-/typescript-5.0.2.tgz",
      "integrity": "sha512-wVORMBGO/FAs/++blGNeAVdbNKtIh1rbBL2EyQ1+J9lClJ93KiiKe8PmFIVdXhHcyv44SL9oglmfeSsndo0jRw==",
      "dev": true
    }
  }
}
